{
  "nodes": {
    "nixpkgs": {
      "locked": {
        "lastModified": 1759241785,
        "narHash": "sha256-rBme1v8YMCOGnw3/q8y2kCDDjleESWPa84qLcWeHFK8=",
        "owner": "nixos",
        "repo": "nixpkgs",
        "rev": "941a243895317ebac68794b5ec5c8936d48b6eea",
        "type": "github"
      },
      "original": {
        "owner": "nixos",
        "repo": "nixpkgs",
        "type": "github"
      }
    },
    "root": {
      "inputs": {
        "nixpkgs": "nixpkgs"
      }
    }
  },
  "root": "root",
  "version": 7
}
