{
  "nodes": {
    "nixpkgs": {
      "locked": {
        "lastModified": 1770520409,
        "narHash": "sha256-11OVejb70JusmcS5Ptc0X0wt4ms47dDYoxn6HATNBhg=",
        "owner": "nixos",
        "repo": "nixpkgs",
        "rev": "7b9868a3bfdb315dd0f02efcd683b2e5686f9d3d",
        "type": "github"
      },
      "original": {
        "owner": "nixos",
        "repo": "nixpkgs",
        "type": "github"
      }
    },
    "root": {
      "inputs": {
        "nixpkgs": "nixpkgs"
      }
    }
  },
  "root": "root",
  "version": 7
}
